
Microsoft Visual Studio Solution File, Format Version 12.00
# Visual Studio Version 17
VisualStudioVersion = 17.8.34330.188
MinimumVisualStudioVersion = 10.0.40219.1
Project("{FAE04EC0-301F-11D3-BF4B-00C04F79EFBC}") = "Week4Loops", "Week4Loops\Week4Loops.csproj", "{F0EF74C2-9220-4D8D-8E75-EBAFC5DC4C22}"
EndProject
Project("{FAE04EC0-301F-11D3-BF4B-00C04F79EFBC}") = "ForLoopSum", "ForLoopSum\ForLoopSum.csproj", "{A5C9DD45-9B1F-4E5A-A1ED-2AF346A563A2}"
EndProject
Project("{FAE04EC0-301F-11D3-BF4B-00C04F79EFBC}") = "RandomNumber", "RandomNumber\RandomNumber.csproj", "{16466B8B-E3C8-4CBD-8478-A00185CCB5AA}"
EndProject
Project("{FAE04EC0-301F-11D3-BF4B-00C04F79EFBC}") = "WhileLoops", "WhileLoops\WhileLoops.csproj", "{58BE7323-CCCA-4932-B708-CB3A5588CD9A}"
EndProject
Global
	GlobalSection(SolutionConfigurationPlatforms) = preSolution
		Debug|Any CPU = Debug|Any CPU
		Release|Any CPU = Release|Any CPU
	EndGlobalSection
	GlobalSection(ProjectConfigurationPlatforms) = postSolution
		{F0EF74C2-9220-4D8D-8E75-EBAFC5DC4C22}.Debug|Any CPU.ActiveCfg = Debug|Any CPU
		{F0EF74C2-9220-4D8D-8E75-EBAFC5DC4C22}.Debug|Any CPU.Build.0 = Debug|Any CPU
		{F0EF74C2-9220-4D8D-8E75-EBAFC5DC4C22}.Release|Any CPU.ActiveCfg = Release|Any CPU
		{F0EF74C2-9220-4D8D-8E75-EBAFC5DC4C22}.Release|Any CPU.Build.0 = Release|Any CPU
		{A5C9DD45-9B1F-4E5A-A1ED-2AF346A563A2}.Debug|Any CPU.ActiveCfg = Debug|Any CPU
		{A5C9DD45-9B1F-4E5A-A1ED-2AF346A563A2}.Debug|Any CPU.Build.0 = Debug|Any CPU
		{A5C9DD45-9B1F-4E5A-A1ED-2AF346A563A2}.Release|Any CPU.ActiveCfg = Release|Any CPU
		{A5C9DD45-9B1F-4E5A-A1ED-2AF346A563A2}.Release|Any CPU.Build.0 = Release|Any CPU
		{16466B8B-E3C8-4CBD-8478-A00185CCB5AA}.Debug|Any CPU.ActiveCfg = Debug|Any CPU
		{16466B8B-E3C8-4CBD-8478-A00185CCB5AA}.Debug|Any CPU.Build.0 = Debug|Any CPU
		{16466B8B-E3C8-4CBD-8478-A00185CCB5AA}.Release|Any CPU.ActiveCfg = Release|Any CPU
		{16466B8B-E3C8-4CBD-8478-A00185CCB5AA}.Release|Any CPU.Build.0 = Release|Any CPU
		{58BE7323-CCCA-4932-B708-CB3A5588CD9A}.Debug|Any CPU.ActiveCfg = Debug|Any CPU
		{58BE7323-CCCA-4932-B708-CB3A5588CD9A}.Debug|Any CPU.Build.0 = Debug|Any CPU
		{58BE7323-CCCA-4932-B708-CB3A5588CD9A}.Release|Any CPU.ActiveCfg = Release|Any CPU
		{58BE7323-CCCA-4932-B708-CB3A5588CD9A}.Release|Any CPU.Build.0 = Release|Any CPU
	EndGlobalSection
	GlobalSection(SolutionProperties) = preSolution
		HideSolutionNode = FALSE
	EndGlobalSection
	GlobalSection(ExtensibilityGlobals) = postSolution
		SolutionGuid = {29691040-29B1-4D58-8716-9034DE04D800}
	EndGlobalSection
EndGlobal
